
Microsoft Visual Studio Solution File, Format Version 12.00
# Visual Studio Version 16
VisualStudioVersion = 16.0.30406.217
MinimumVisualStudioVersion = 10.0.40219.1
Project("{FAE04EC0-301F-11D3-BF4B-00C04F79EFBC}") = "TicketHubApp", "TicketHubApp\TicketHubApp.csproj", "{A710D19F-8142-450B-AC23-12BA13009C55}"
EndProject
Project("{FAE04EC0-301F-11D3-BF4B-00C04F79EFBC}") = "TicketHubDataLibrary", "TicketHubDataLibrary\TicketHubDataLibrary.csproj", "{AFF9EDBE-7FD2-4EBC-8850-DC51C5B0F5A6}"
EndProject
Global
	GlobalSection(SolutionConfigurationPlatforms) = preSolution
		Debug|Any CPU = Debug|Any CPU
		Release|Any CPU = Release|Any CPU
	EndGlobalSection
	GlobalSection(ProjectConfigurationPlatforms) = postSolution
		{A710D19F-8142-450B-AC23-12BA13009C55}.Debug|Any CPU.ActiveCfg = Debug|Any CPU
		{A710D19F-8142-450B-AC23-12BA13009C55}.Debug|Any CPU.Build.0 = Debug|Any CPU
		{A710D19F-8142-450B-AC23-12BA13009C55}.Release|Any CPU.ActiveCfg = Release|Any CPU
		{A710D19F-8142-450B-AC23-12BA13009C55}.Release|Any CPU.Build.0 = Release|Any CPU
		{AFF9EDBE-7FD2-4EBC-8850-DC51C5B0F5A6}.Debug|Any CPU.ActiveCfg = Debug|Any CPU
		{AFF9EDBE-7FD2-4EBC-8850-DC51C5B0F5A6}.Debug|Any CPU.Build.0 = Debug|Any CPU
		{AFF9EDBE-7FD2-4EBC-8850-DC51C5B0F5A6}.Release|Any CPU.ActiveCfg = Release|Any CPU
		{AFF9EDBE-7FD2-4EBC-8850-DC51C5B0F5A6}.Release|Any CPU.Build.0 = Release|Any CPU
	EndGlobalSection
	GlobalSection(SolutionProperties) = preSolution
		HideSolutionNode = FALSE
	EndGlobalSection
	GlobalSection(ExtensibilityGlobals) = postSolution
		SolutionGuid = {C6AB2CF9-EBF6-48C8-980D-0A24C8CA5929}
	EndGlobalSection
EndGlobal
